
Microsoft Visual Studio Solution File, Format Version 12.00
# Visual Studio 15
VisualStudioVersion = 15.0.28307.329
MinimumVisualStudioVersion = 10.0.40219.1
Project("{9A19103F-16F7-4668-BE54-9A1E7A4F7556}") = "DevWeek2019Lambda", "DevWeek2019Lambda\DevWeek2019Lambda.csproj", "{06F27A4D-A244-4E59-B932-58DF6B949E41}"
EndProject
Global
	GlobalSection(SolutionConfigurationPlatforms) = preSolution
		Debug|Any CPU = Debug|Any CPU
		Release|Any CPU = Release|Any CPU
	EndGlobalSection
	GlobalSection(ProjectConfigurationPlatforms) = postSolution
		{06F27A4D-A244-4E59-B932-58DF6B949E41}.Debug|Any CPU.ActiveCfg = Debug|Any CPU
		{06F27A4D-A244-4E59-B932-58DF6B949E41}.Debug|Any CPU.Build.0 = Debug|Any CPU
		{06F27A4D-A244-4E59-B932-58DF6B949E41}.Release|Any CPU.ActiveCfg = Release|Any CPU
		{06F27A4D-A244-4E59-B932-58DF6B949E41}.Release|Any CPU.Build.0 = Release|Any CPU
	EndGlobalSection
	GlobalSection(SolutionProperties) = preSolution
		HideSolutionNode = FALSE
	EndGlobalSection
	GlobalSection(ExtensibilityGlobals) = postSolution
		SolutionGuid = {46C1794F-16A3-4594-9DCE-54561CB65A74}
	EndGlobalSection
EndGlobal
